
Microsoft Visual Studio Solution File, Format Version 12.00
# Visual Studio Version 17
VisualStudioVersion = 17.13.35931.197 d17.13
MinimumVisualStudioVersion = 10.0.40219.1
Project("{FAE04EC0-301F-11D3-BF4B-00C04F79EFBC}") = "azilzivotinjePetar", "..\Projekt-Azil-ivotnije11\Projekt-AzilŽivotnije\azilzivotinjePetar.csproj", "{EE027871-A4C7-46E1-9F55-66AAAB2444B1}"
EndProject
Global
	GlobalSection(SolutionConfigurationPlatforms) = preSolution
		Debug|Any CPU = Debug|Any CPU
		Release|Any CPU = Release|Any CPU
	EndGlobalSection
	GlobalSection(ProjectConfigurationPlatforms) = postSolution
		{EE027871-A4C7-46E1-9F55-66AAAB2444B1}.Debug|Any CPU.ActiveCfg = Debug|Any CPU
		{EE027871-A4C7-46E1-9F55-66AAAB2444B1}.Debug|Any CPU.Build.0 = Debug|Any CPU
		{EE027871-A4C7-46E1-9F55-66AAAB2444B1}.Release|Any CPU.ActiveCfg = Release|Any CPU
		{EE027871-A4C7-46E1-9F55-66AAAB2444B1}.Release|Any CPU.Build.0 = Release|Any CPU
	EndGlobalSection
	GlobalSection(SolutionProperties) = preSolution
		HideSolutionNode = FALSE
	EndGlobalSection
	GlobalSection(ExtensibilityGlobals) = postSolution
		SolutionGuid = {160A8687-D357-4C2F-BBC5-E5415992719C}
	EndGlobalSection
EndGlobal
